
Microsoft Visual Studio Solution File, Format Version 12.00
# Visual Studio Version 17
VisualStudioVersion = 17.4.33205.214
MinimumVisualStudioVersion = 10.0.40219.1
Project("{888888A0-9F3D-457C-B088-3A5042F75D52}") = "B3Artur", "B3Artur\B3Artur.pyproj", "{AD9E3D1A-217A-40B1-A075-15087E00A65C}"
EndProject
Global
	GlobalSection(SolutionConfigurationPlatforms) = preSolution
		Debug|Any CPU = Debug|Any CPU
		Release|Any CPU = Release|Any CPU
	EndGlobalSection
	GlobalSection(ProjectConfigurationPlatforms) = postSolution
		{AD9E3D1A-217A-40B1-A075-15087E00A65C}.Debug|Any CPU.ActiveCfg = Debug|Any CPU
		{AD9E3D1A-217A-40B1-A075-15087E00A65C}.Release|Any CPU.ActiveCfg = Release|Any CPU
	EndGlobalSection
	GlobalSection(SolutionProperties) = preSolution
		HideSolutionNode = FALSE
	EndGlobalSection
	GlobalSection(ExtensibilityGlobals) = postSolution
		SolutionGuid = {04610311-5786-4589-91D5-49F8F7E0945F}
	EndGlobalSection
EndGlobal
